
Microsoft Visual Studio Solution File, Format Version 12.00
# Visual Studio Version 17
VisualStudioVersion = 17.2.32616.157
MinimumVisualStudioVersion = 10.0.40219.1
Project("{8BC9CEB8-8B4A-11D0-8D11-00A0C91BC942}") = "Azure_IOT", "Azure_IOT\Azure_IOT.vcxproj", "{C5F80730-F44F-4478-BDAE-6634EFC2CA88}"
EndProject
Project("{9A19103F-16F7-4668-BE54-9A1E7A4F7556}") = "EventHubTrigger", "EventHubTrigger\EventHubTrigger.csproj", "{D9E1A244-0BAF-4F80-B1FA-442233383220}"
EndProject
Project("{FAE04EC0-301F-11D3-BF4B-00C04F79EFBC}") = "Shared", "Shared\Shared.csproj", "{F8D390E9-8C8A-49F1-8CFF-1B35F6D1E046}"
EndProject
Global
	GlobalSection(SolutionConfigurationPlatforms) = preSolution
		Debug|Any CPU = Debug|Any CPU
		Debug|x86 = Debug|x86
		Release|Any CPU = Release|Any CPU
		Release|x86 = Release|x86
	EndGlobalSection
	GlobalSection(ProjectConfigurationPlatforms) = postSolution
		{C5F80730-F44F-4478-BDAE-6634EFC2CA88}.Debug|Any CPU.ActiveCfg = Debug|Win32
		{C5F80730-F44F-4478-BDAE-6634EFC2CA88}.Debug|Any CPU.Build.0 = Debug|Win32
		{C5F80730-F44F-4478-BDAE-6634EFC2CA88}.Debug|x86.ActiveCfg = Debug|Win32
		{C5F80730-F44F-4478-BDAE-6634EFC2CA88}.Debug|x86.Build.0 = Debug|Win32
		{C5F80730-F44F-4478-BDAE-6634EFC2CA88}.Release|Any CPU.ActiveCfg = Release|Win32
		{C5F80730-F44F-4478-BDAE-6634EFC2CA88}.Release|Any CPU.Build.0 = Release|Win32
		{C5F80730-F44F-4478-BDAE-6634EFC2CA88}.Release|x86.ActiveCfg = Release|Win32
		{C5F80730-F44F-4478-BDAE-6634EFC2CA88}.Release|x86.Build.0 = Release|Win32
		{D9E1A244-0BAF-4F80-B1FA-442233383220}.Debug|Any CPU.ActiveCfg = Debug|Any CPU
		{D9E1A244-0BAF-4F80-B1FA-442233383220}.Debug|Any CPU.Build.0 = Debug|Any CPU
		{D9E1A244-0BAF-4F80-B1FA-442233383220}.Debug|x86.ActiveCfg = Debug|Any CPU
		{D9E1A244-0BAF-4F80-B1FA-442233383220}.Debug|x86.Build.0 = Debug|Any CPU
		{D9E1A244-0BAF-4F80-B1FA-442233383220}.Release|Any CPU.ActiveCfg = Release|Any CPU
		{D9E1A244-0BAF-4F80-B1FA-442233383220}.Release|Any CPU.Build.0 = Release|Any CPU
		{D9E1A244-0BAF-4F80-B1FA-442233383220}.Release|x86.ActiveCfg = Release|Any CPU
		{D9E1A244-0BAF-4F80-B1FA-442233383220}.Release|x86.Build.0 = Release|Any CPU
		{F8D390E9-8C8A-49F1-8CFF-1B35F6D1E046}.Debug|Any CPU.ActiveCfg = Debug|Any CPU
		{F8D390E9-8C8A-49F1-8CFF-1B35F6D1E046}.Debug|Any CPU.Build.0 = Debug|Any CPU
		{F8D390E9-8C8A-49F1-8CFF-1B35F6D1E046}.Debug|x86.ActiveCfg = Debug|Any CPU
		{F8D390E9-8C8A-49F1-8CFF-1B35F6D1E046}.Debug|x86.Build.0 = Debug|Any CPU
		{F8D390E9-8C8A-49F1-8CFF-1B35F6D1E046}.Release|Any CPU.ActiveCfg = Release|Any CPU
		{F8D390E9-8C8A-49F1-8CFF-1B35F6D1E046}.Release|Any CPU.Build.0 = Release|Any CPU
		{F8D390E9-8C8A-49F1-8CFF-1B35F6D1E046}.Release|x86.ActiveCfg = Release|Any CPU
		{F8D390E9-8C8A-49F1-8CFF-1B35F6D1E046}.Release|x86.Build.0 = Release|Any CPU
	EndGlobalSection
	GlobalSection(SolutionProperties) = preSolution
		HideSolutionNode = FALSE
	EndGlobalSection
	GlobalSection(ExtensibilityGlobals) = postSolution
		SolutionGuid = {74D60CBC-348B-452C-A6BB-89F17CE9761F}
	EndGlobalSection
EndGlobal
